// !$*UTF8*$!
{
	archiveVersion = 1;
	classes = {
	};
	objectVersion = 50;
	objects = {

/* Begin PBXBuildFile section */
		4229D463237923F70048D7FD /* AppDelegate.swift in Sources */ = {isa = PBXBuildFile; fileRef = 4229D462237923F70048D7FD /* AppDelegate.swift */; };
		4229D465237923F70048D7FD /* ViewController.swift in Sources */ = {isa = PBXBuildFile; fileRef = 4229D464237923F70048D7FD /* ViewController.swift */; };
		4229D468237923F70048D7FD /* Main.storyboard in Resources */ = {isa = PBXBuildFile; fileRef = 4229D466237923F70048D7FD /* Main.storyboard */; };
		4229D46A237923F90048D7FD /* Assets.xcassets in Resources */ = {isa = PBXBuildFile; fileRef = 4229D469237923F90048D7FD /* Assets.xcassets */; };
		4229D46D237923F90048D7FD /* LaunchScreen.storyboard in Resources */ = {isa = PBXBuildFile; fileRef = 4229D46B237923F90048D7FD /* LaunchScreen.storyboard */; };
		4229D478237923FA0048D7FD /* ContactsTests.swift in Sources */ = {isa = PBXBuildFile; fileRef = 4229D477237923FA0048D7FD /* ContactsTests.swift */; };
		4229D483237923FA0048D7FD /* ContactsUITests.swift in Sources */ = {isa = PBXBuildFile; fileRef = 4229D482237923FA0048D7FD /* ContactsUITests.swift */; };
		4229D491237925F60048D7FD /* Name.swift in Sources */ = {isa = PBXBuildFile; fileRef = 4229D490237925F60048D7FD /* Name.swift */; };
		4229D493237927F20048D7FD /* EnterNameVC.swift in Sources */ = {isa = PBXBuildFile; fileRef = 4229D492237927F20048D7FD /* EnterNameVC.swift */; };
		4229D49523792E580048D7FD /* TextTableViewCell.swift in Sources */ = {isa = PBXBuildFile; fileRef = 4229D49423792E580048D7FD /* TextTableViewCell.swift */; };
/* End PBXBuildFile section */

/* Begin PBXContainerItemProxy section */
		4229D474237923FA0048D7FD /* PBXContainerItemProxy */ = {
			isa = PBXContainerItemProxy;
			containerPortal = 4229D457237923F70048D7FD /* Project object */;
			proxyType = 1;
			remoteGlobalIDString = 4229D45E237923F70048D7FD;
			remoteInfo = Contacts;
		};
		4229D47F237923FA0048D7FD /* PBXContainerItemProxy */ = {
			isa = PBXContainerItemProxy;
			containerPortal = 4229D457237923F70048D7FD /* Project object */;
			proxyType = 1;
			remoteGlobalIDString = 4229D45E237923F70048D7FD;
			remoteInfo = Contacts;
		};
/* End PBXContainerItemProxy section */

/* Begin PBXFileReference section */
		4229D45F237923F70048D7FD /* Contacts.app */ = {isa = PBXFileReference; explicitFileType = wrapper.application; includeInIndex = 0; path = Contacts.app; sourceTree = BUILT_PRODUCTS_DIR; };
		4229D462237923F70048D7FD /* AppDelegate.swift */ = {isa = PBXFileReference; lastKnownFileType = sourcecode.swift; path = AppDelegate.swift; sourceTree = "<group>"; };
		4229D464237923F70048D7FD /* ViewController.swift */ = {isa = PBXFileReference; lastKnownFileType = sourcecode.swift; path = ViewController.swift; sourceTree = "<group>"; };
		4229D467237923F70048D7FD /* Base */ = {isa = PBXFileReference; lastKnownFileType = file.storyboard; name = Base; path = Base.lproj/Main.storyboard; sourceTree = "<group>"; };
		4229D469237923F90048D7FD /* Assets.xcassets */ = {isa = PBXFileReference; lastKnownFileType = folder.assetcatalog; path = Assets.xcassets; sourceTree = "<group>"; };
		4229D46C237923F90048D7FD /* Base */ = {isa = PBXFileReference; lastKnownFileType = file.storyboard; name = Base; path = Base.lproj/LaunchScreen.storyboard; sourceTree = "<group>"; };
		4229D46E237923F90048D7FD /* Info.plist */ = {isa = PBXFileReference; lastKnownFileType = text.plist.xml; path = Info.plist; sourceTree = "<group>"; };
		4229D473237923FA0048D7FD /* ContactsTests.xctest */ = {isa = PBXFileReference; explicitFileType = wrapper.cfbundle; includeInIndex = 0; path = ContactsTests.xctest; sourceTree = BUILT_PRODUCTS_DIR; };
		4229D477237923FA0048D7FD /* ContactsTests.swift */ = {isa = PBXFileReference; lastKnownFileType = sourcecode.swift; path = ContactsTests.swift; sourceTree = "<group>"; };
		4229D479237923FA0048D7FD /* Info.plist */ = {isa = PBXFileReference; lastKnownFileType = text.plist.xml; path = Info.plist; sourceTree = "<group>"; };
		4229D47E237923FA0048D7FD /* ContactsUITests.xctest */ = {isa = PBXFileReference; explicitFileType = wrapper.cfbundle; includeInIndex = 0; path = ContactsUITests.xctest; sourceTree = BUILT_PRODUCTS_DIR; };
		4229D482237923FA0048D7FD /* ContactsUITests.swift */ = {isa = PBXFileReference; lastKnownFileType = sourcecode.swift; path = ContactsUITests.swift; sourceTree = "<group>"; };
		4229D484237923FA0048D7FD /* Info.plist */ = {isa = PBXFileReference; lastKnownFileType = text.plist.xml; path = Info.plist; sourceTree = "<group>"; };
		4229D490237925F60048D7FD /* Name.swift */ = {isa = PBXFileReference; lastKnownFileType = sourcecode.swift; path = Name.swift; sourceTree = "<group>"; };
		4229D492237927F20048D7FD /* EnterNameVC.swift */ = {isa = PBXFileReference; lastKnownFileType = sourcecode.swift; path = EnterNameVC.swift; sourceTree = "<group>"; };
		4229D49423792E580048D7FD /* TextTableViewCell.swift */ = {isa = PBXFileReference; lastKnownFileType = sourcecode.swift; path = TextTableViewCell.swift; sourceTree = "<group>"; };
/* End PBXFileReference section */

/* Begin PBXFrameworksBuildPhase section */
		4229D45C237923F70048D7FD /* Frameworks */ = {
			isa = PBXFrameworksBuildPhase;
			buildActionMask = 2147483647;
			files = (
			);
			runOnlyForDeploymentPostprocessing = 0;
		};
		4229D470237923FA0048D7FD /* Frameworks */ = {
			isa = PBXFrameworksBuildPhase;
			buildActionMask = 2147483647;
			files = (
			);
			runOnlyForDeploymentPostprocessing = 0;
		};
		4229D47B237923FA0048D7FD /* Frameworks */ = {
			isa = PBXFrameworksBuildPhase;
			buildActionMask = 2147483647;
			files = (
			);
			runOnlyForDeploymentPostprocessing = 0;
		};
/* End PBXFrameworksBuildPhase section */

/* Begin PBXGroup section */
		4229D456237923F70048D7FD = {
			isa = PBXGroup;
			children = (
				4229D461237923F70048D7FD /* Contacts */,
				4229D476237923FA0048D7FD /* ContactsTests */,
				4229D481237923FA0048D7FD /* ContactsUITests */,
				4229D460237923F70048D7FD /* Products */,
			);
			sourceTree = "<group>";
		};
		4229D460237923F70048D7FD /* Products */ = {
			isa = PBXGroup;
			children = (
				4229D45F237923F70048D7FD /* Contacts.app */,
				4229D473237923FA0048D7FD /* ContactsTests.xctest */,
				4229D47E237923FA0048D7FD /* ContactsUITests.xctest */,
			);
			name = Products;
			sourceTree = "<group>";
		};
		4229D461237923F70048D7FD /* Contacts */ = {
			isa = PBXGroup;
			children = (
				4229D49423792E580048D7FD /* TextTableViewCell.swift */,
				4229D462237923F70048D7FD /* AppDelegate.swift */,
				4229D464237923F70048D7FD /* ViewController.swift */,
				4229D492237927F20048D7FD /* EnterNameVC.swift */,
				4229D490237925F60048D7FD /* Name.swift */,
				4229D466237923F70048D7FD /* Main.storyboard */,
				4229D469237923F90048D7FD /* Assets.xcassets */,
				4229D46B237923F90048D7FD /* LaunchScreen.storyboard */,
				4229D46E237923F90048D7FD /* Info.plist */,
			);
			path = Contacts;
			sourceTree = "<group>";
		};
		4229D476237923FA0048D7FD /* ContactsTests */ = {
			isa = PBXGroup;
			children = (
				4229D477237923FA0048D7FD /* ContactsTests.swift */,
				4229D479237923FA0048D7FD /* Info.plist */,
			);
			path = ContactsTests;
			sourceTree = "<group>";
		};
		4229D481237923FA0048D7FD /* ContactsUITests */ = {
			isa = PBXGroup;
			children = (
				4229D482237923FA0048D7FD /* ContactsUITests.swift */,
				4229D484237923FA0048D7FD /* Info.plist */,
			);
			path = ContactsUITests;
			sourceTree = "<group>";
		};
/* End PBXGroup section */

/* Begin PBXNativeTarget section */
		4229D45E237923F70048D7FD /* Contacts */ = {
			isa = PBXNativeTarget;
			buildConfigurationList = 4229D487237923FA0048D7FD /* Build configuration list for PBXNativeTarget "Contacts" */;
			buildPhases = (
				4229D45B237923F70048D7FD /* Sources */,
				4229D45C237923F70048D7FD /* Frameworks */,
				4229D45D237923F70048D7FD /* Resources */,
			);
			buildRules = (
			);
			dependencies = (
			);
			name = Contacts;
			productName = Contacts;
			productReference = 4229D45F237923F70048D7FD /* Contacts.app */;
			productType = "com.apple.product-type.application";
		};
		4229D472237923FA0048D7FD /* ContactsTests */ = {
			isa = PBXNativeTarget;
			buildConfigurationList = 4229D48A237923FA0048D7FD /* Build configuration list for PBXNativeTarget "ContactsTests" */;
			buildPhases = (
				4229D46F237923FA0048D7FD /* Sources */,
				4229D470237923FA0048D7FD /* Frameworks */,
				4229D471237923FA0048D7FD /* Resources */,
			);
			buildRules = (
			);
			dependencies = (
				4229D475237923FA0048D7FD /* PBXTargetDependency */,
			);
			name = ContactsTests;
			productName = ContactsTests;
			productReference = 4229D473237923FA0048D7FD /* ContactsTests.xctest */;
			productType = "com.apple.product-type.bundle.unit-test";
		};
		4229D47D237923FA0048D7FD /* ContactsUITests */ = {
			isa = PBXNativeTarget;
			buildConfigurationList = 4229D48D237923FA0048D7FD /* Build configuration list for PBXNativeTarget "ContactsUITests" */;
			buildPhases = (
				4229D47A237923FA0048D7FD /* Sources */,
				4229D47B237923FA0048D7FD /* Frameworks */,
				4229D47C237923FA0048D7FD /* Resources */,
			);
			buildRules = (
			);
			dependencies = (
				4229D480237923FA0048D7FD /* PBXTargetDependency */,
			);
			name = ContactsUITests;
			productName = ContactsUITests;
			productReference = 4229D47E237923FA0048D7FD /* ContactsUITests.xctest */;
			productType = "com.apple.product-type.bundle.ui-testing";
		};
/* End PBXNativeTarget section */

/* Begin PBXProject section */
		4229D457237923F70048D7FD /* Project object */ = {
			isa = PBXProject;
			attributes = {
				LastSwiftUpdateCheck = 0940;
				LastUpgradeCheck = 0940;
				ORGANIZATIONNAME = Sergey;
				TargetAttributes = {
					4229D45E237923F70048D7FD = {
						CreatedOnToolsVersion = 9.4.1;
					};
					4229D472237923FA0048D7FD = {
						CreatedOnToolsVersion = 9.4.1;
						TestTargetID = 4229D45E237923F70048D7FD;
					};
					4229D47D237923FA0048D7FD = {
						CreatedOnToolsVersion = 9.4.1;
						TestTargetID = 4229D45E237923F70048D7FD;
					};
				};
			};
			buildConfigurationList = 4229D45A237923F70048D7FD /* Build configuration list for PBXProject "Contacts" */;
			compatibilityVersion = "Xcode 9.3";
			developmentRegion = en;
			hasScannedForEncodings = 0;
			knownRegions = (
				en,
				Base,
			);
			mainGroup = 4229D456237923F70048D7FD;
			productRefGroup = 4229D460237923F70048D7FD /* Products */;
			projectDirPath = "";
			projectRoot = "";
			targets = (
				4229D45E237923F70048D7FD /* Contacts */,
				4229D472237923FA0048D7FD /* ContactsTests */,
				4229D47D237923FA0048D7FD /* ContactsUITests */,
			);
		};
/* End PBXProject section */

/* Begin PBXResourcesBuildPhase section */
		4229D45D237923F70048D7FD /* Resources */ = {
			isa = PBXResourcesBuildPhase;
			buildActionMask = 2147483647;
			files = (
				4229D46D237923F90048D7FD /* LaunchScreen.storyboard in Resources */,
				4229D46A237923F90048D7FD /* Assets.xcassets in Resources */,
				4229D468237923F70048D7FD /* Main.storyboard in Resources */,
			);
			runOnlyForDeploymentPostprocessing = 0;
		};
		4229D471237923FA0048D7FD /* Resources */ = {
			isa = PBXResourcesBuildPhase;
			buildActionMask = 2147483647;
			files = (
			);
			runOnlyForDeploymentPostprocessing = 0;
		};
		4229D47C237923FA0048D7FD /* Resources */ = {
			isa = PBXResourcesBuildPhase;
			buildActionMask = 2147483647;
			files = (
			);
			runOnlyForDeploymentPostprocessing = 0;
		};
/* End PBXResourcesBuildPhase section */

/* Begin PBXSourcesBuildPhase section */
		4229D45B237923F70048D7FD /* Sources */ = {
			isa = PBXSourcesBuildPhase;
			buildActionMask = 2147483647;
			files = (
				4229D493237927F20048D7FD /* EnterNameVC.swift in Sources */,
				4229D491237925F60048D7FD /* Name.swift in Sources */,
				4229D465237923F70048D7FD /* ViewController.swift in Sources */,
				4229D463237923F70048D7FD /* AppDelegate.swift in Sources */,
				4229D49523792E580048D7FD /* TextTableViewCell.swift in Sources */,
			);
			runOnlyForDeploymentPostprocessing = 0;
		};
		4229D46F237923FA0048D7FD /* Sources */ = {
			isa = PBXSourcesBuildPhase;
			buildActionMask = 2147483647;
			files = (
				4229D478237923FA0048D7FD /* ContactsTests.swift in Sources */,
			);
			runOnlyForDeploymentPostprocessing = 0;
		};
		4229D47A237923FA0048D7FD /* Sources */ = {
			isa = PBXSourcesBuildPhase;
			buildActionMask = 2147483647;
			files = (
				4229D483237923FA0048D7FD /* ContactsUITests.swift in Sources */,
			);
			runOnlyForDeploymentPostprocessing = 0;
		};
/* End PBXSourcesBuildPhase section */

/* Begin PBXTargetDependency section */
		4229D475237923FA0048D7FD /* PBXTargetDependency */ = {
			isa = PBXTargetDependency;
			target = 4229D45E237923F70048D7FD /* Contacts */;
			targetProxy = 4229D474237923FA0048D7FD /* PBXContainerItemProxy */;
		};
		4229D480237923FA0048D7FD /* PBXTargetDependency */ = {
			isa = PBXTargetDependency;
			target = 4229D45E237923F70048D7FD /* Contacts */;
			targetProxy = 4229D47F237923FA0048D7FD /* PBXContainerItemProxy */;
		};
/* End PBXTargetDependency section */

/* Begin PBXVariantGroup section */
		4229D466237923F70048D7FD /* Main.storyboard */ = {
			isa = PBXVariantGroup;
			children = (
				4229D467237923F70048D7FD /* Base */,
			);
			name = Main.storyboard;
			sourceTree = "<group>";
		};
		4229D46B237923F90048D7FD /* LaunchScreen.storyboard */ = {
			isa = PBXVariantGroup;
			children = (
				4229D46C237923F90048D7FD /* Base */,
			);
			name = LaunchScreen.storyboard;
			sourceTree = "<group>";
		};
/* End PBXVariantGroup section */

/* Begin XCBuildConfiguration section */
		4229D485237923FA0048D7FD /* Debug */ = {
			isa = XCBuildConfiguration;
			buildSettings = {
				ALWAYS_SEARCH_USER_PATHS = NO;
				CLANG_ANALYZER_NONNULL = YES;
				CLANG_ANALYZER_NUMBER_OBJECT_CONVERSION = YES_AGGRESSIVE;
				CLANG_CXX_LANGUAGE_STANDARD = "gnu++14";
				CLANG_CXX_LIBRARY = "libc++";
				CLANG_ENABLE_MODULES = YES;
				CLANG_ENABLE_OBJC_ARC = YES;
				CLANG_ENABLE_OBJC_WEAK = YES;
				CLANG_WARN_BLOCK_CAPTURE_AUTORELEASING = YES;
				CLANG_WARN_BOOL_CONVERSION = YES;
				CLANG_WARN_COMMA = YES;
				CLANG_WARN_CONSTANT_CONVERSION = YES;
				CLANG_WARN_DEPRECATED_OBJC_IMPLEMENTATIONS = YES;
				CLANG_WARN_DIRECT_OBJC_ISA_USAGE = YES_ERROR;
				CLANG_WARN_DOCUMENTATION_COMMENTS = YES;
				CLANG_WARN_EMPTY_BODY = YES;
				CLANG_WARN_ENUM_CONVERSION = YES;
				CLANG_WARN_INFINITE_RECURSION = YES;
				CLANG_WARN_INT_CONVERSION = YES;
				CLANG_WARN_NON_LITERAL_NULL_CONVERSION = YES;
				CLANG_WARN_OBJC_IMPLICIT_RETAIN_SELF = YES;
				CLANG_WARN_OBJC_LITERAL_CONVERSION = YES;
				CLANG_WARN_OBJC_ROOT_CLASS = YES_ERROR;
				CLANG_WARN_RANGE_LOOP_ANALYSIS = YES;
				CLANG_WARN_STRICT_PROTOTYPES = YES;
				CLANG_WARN_SUSPICIOUS_MOVE = YES;
				CLANG_WARN_UNGUARDED_AVAILABILITY = YES_AGGRESSIVE;
				CLANG_WARN_UNREACHABLE_CODE = YES;
				CLANG_WARN__DUPLICATE_METHOD_MATCH = YES;
				CODE_SIGN_IDENTITY = "iPhone Developer";
				COPY_PHASE_STRIP = NO;
				DEBUG_INFORMATION_FORMAT = dwarf;
				ENABLE_STRICT_OBJC_MSGSEND = YES;
				ENABLE_TESTABILITY = YES;
				GCC_C_LANGUAGE_STANDARD = gnu11;
				GCC_DYNAMIC_NO_PIC = NO;
				GCC_NO_COMMON_BLOCKS = YES;
				GCC_OPTIMIZATION_LEVEL = 0;
				GCC_PREPROCESSOR_DEFINITIONS = (
					"DEBUG=1",
					"$(inherited)",
				);
				GCC_WARN_64_TO_32_BIT_CONVERSION = YES;
				GCC_WARN_ABOUT_RETURN_TYPE = YES_ERROR;
				GCC_WARN_UNDECLARED_SELECTOR = YES;
				GCC_WARN_UNINITIALIZED_AUTOS = YES_AGGRESSIVE;
				GCC_WARN_UNUSED_FUNCTION = YES;
				GCC_WARN_UNUSED_VARIABLE = YES;
				IPHONEOS_DEPLOYMENT_TARGET = 11.4;
				MTL_ENABLE_DEBUG_INFO = YES;
				ONLY_ACTIVE_ARCH = YES;
				SDKROOT = iphoneos;
				SWIFT_ACTIVE_COMPILATION_CONDITIONS = DEBUG;
				SWIFT_OPTIMIZATION_LEVEL = "-Onone";
			};
			name = Debug;
		};
		4229D486237923FA0048D7FD /* Release */ = {
			isa = XCBuildConfiguration;
			buildSettings = {
				ALWAYS_SEARCH_USER_PATHS = NO;
				CLANG_ANALYZER_NONNULL = YES;
				CLANG_ANALYZER_NUMBER_OBJECT_CONVERSION = YES_AGGRESSIVE;
				CLANG_CXX_LANGUAGE_STANDARD = "gnu++14";
				CLANG_CXX_LIBRARY = "libc++";
				CLANG_ENABLE_MODULES = YES;
				CLANG_ENABLE_OBJC_ARC = YES;
				CLANG_ENABLE_OBJC_WEAK = YES;
				CLANG_WARN_BLOCK_CAPTURE_AUTORELEASING = YES;
				CLANG_WARN_BOOL_CONVERSION = YES;
				CLANG_WARN_COMMA = YES;
				CLANG_WARN_CONSTANT_CONVERSION = YES;
				CLANG_WARN_DEPRECATED_OBJC_IMPLEMENTATIONS = YES;
				CLANG_WARN_DIRECT_OBJC_ISA_USAGE = YES_ERROR;
				CLANG_WARN_DOCUMENTATION_COMMENTS = YES;
				CLANG_WARN_EMPTY_BODY = YES;
				CLANG_WARN_ENUM_CONVERSION = YES;
				CLANG_WARN_INFINITE_RECURSION = YES;
				CLANG_WARN_INT_CONVERSION = YES;
				CLANG_WARN_NON_LITERAL_NULL_CONVERSION = YES;
				CLANG_WARN_OBJC_IMPLICIT_RETAIN_SELF = YES;
				CLANG_WARN_OBJC_LITERAL_CONVERSION = YES;
				CLANG_WARN_OBJC_ROOT_CLASS = YES_ERROR;
				CLANG_WARN_RANGE_LOOP_ANALYSIS = YES;
				CLANG_WARN_STRICT_PROTOTYPES = YES;
				CLANG_WARN_SUSPICIOUS_MOVE = YES;
				CLANG_WARN_UNGUARDED_AVAILABILITY = YES_AGGRESSIVE;
				CLANG_WARN_UNREACHABLE_CODE = YES;
				CLANG_WARN__DUPLICATE_METHOD_MATCH = YES;
				CODE_SIGN_IDENTITY = "iPhone Developer";
				COPY_PHASE_STRIP = NO;
				DEBUG_INFORMATION_FORMAT = "dwarf-with-dsym";
				ENABLE_NS_ASSERTIONS = NO;
				ENABLE_STRICT_OBJC_MSGSEND = YES;
				GCC_C_LANGUAGE_STANDARD = gnu11;
				GCC_NO_COMMON_BLOCKS = YES;
				GCC_WARN_64_TO_32_BIT_CONVERSION = YES;
				GCC_WARN_ABOUT_RETURN_TYPE = YES_ERROR;
				GCC_WARN_UNDECLARED_SELECTOR = YES;
				GCC_WARN_UNINITIALIZED_AUTOS = YES_AGGRESSIVE;
				GCC_WARN_UNUSED_FUNCTION = YES;
				GCC_WARN_UNUSED_VARIABLE = YES;
				IPHONEOS_DEPLOYMENT_TARGET = 11.4;
				MTL_ENABLE_DEBUG_INFO = NO;
				SDKROOT = iphoneos;
				SWIFT_COMPILATION_MODE = wholemodule;
				SWIFT_OPTIMIZATION_LEVEL = "-O";
				VALIDATE_PRODUCT = YES;
			};
			name = Release;
		};
		4229D488237923FA0048D7FD /* Debug */ = {
			isa = XCBuildConfiguration;
			buildSettings = {
				ASSETCATALOG_COMPILER_APPICON_NAME = AppIcon;
				CODE_SIGN_STYLE = Automatic;
				INFOPLIST_FILE = Contacts/Info.plist;
				LD_RUNPATH_SEARCH_PATHS = (
					"$(inherited)",
					"@executable_path/Frameworks",
				);
				PRODUCT_BUNDLE_IDENTIFIER = sergey.Contacts;
				PRODUCT_NAME = "$(TARGET_NAME)";
				SWIFT_VERSION = 4.0;
				TARGETED_DEVICE_FAMILY = "1,2";
			};
			name = Debug;
		};
		4229D489237923FA0048D7FD /* Release */ = {
			isa = XCBuildConfiguration;
			buildSettings = {
				ASSETCATALOG_COMPILER_APPICON_NAME = AppIcon;
				CODE_SIGN_STYLE = Automatic;
				INFOPLIST_FILE = Contacts/Info.plist;
				LD_RUNPATH_SEARCH_PATHS = (
					"$(inherited)",
					"@executable_path/Frameworks",
				);
				PRODUCT_BUNDLE_IDENTIFIER = sergey.Contacts;
				PRODUCT_NAME = "$(TARGET_NAME)";
				SWIFT_VERSION = 4.0;
				TARGETED_DEVICE_FAMILY = "1,2";
			};
			name = Release;
		};
		4229D48B237923FA0048D7FD /* Debug */ = {
			isa = XCBuildConfiguration;
			buildSettings = {
				ALWAYS_EMBED_SWIFT_STANDARD_LIBRARIES = YES;
				BUNDLE_LOADER = "$(TEST_HOST)";
				CODE_SIGN_STYLE = Automatic;
				INFOPLIST_FILE = ContactsTests/Info.plist;
				LD_RUNPATH_SEARCH_PATHS = (
					"$(inherited)",
					"@executable_path/Frameworks",
					"@loader_path/Frameworks",
				);
				PRODUCT_BUNDLE_IDENTIFIER = sergey.ContactsTests;
				PRODUCT_NAME = "$(TARGET_NAME)";
				SWIFT_VERSION = 4.0;
				TARGETED_DEVICE_FAMILY = "1,2";
				TEST_HOST = "$(BUILT_PRODUCTS_DIR)/Contacts.app/Contacts";
			};
			name = Debug;
		};
		4229D48C237923FA0048D7FD /* Release */ = {
			isa = XCBuildConfiguration;
			buildSettings = {
				ALWAYS_EMBED_SWIFT_STANDARD_LIBRARIES = YES;
				BUNDLE_LOADER = "$(TEST_HOST)";
				CODE_SIGN_STYLE = Automatic;
				INFOPLIST_FILE = ContactsTests/Info.plist;
				LD_RUNPATH_SEARCH_PATHS = (
					"$(inherited)",
					"@executable_path/Frameworks",
					"@loader_path/Frameworks",
				);
				PRODUCT_BUNDLE_IDENTIFIER = sergey.ContactsTests;
				PRODUCT_NAME = "$(TARGET_NAME)";
				SWIFT_VERSION = 4.0;
				TARGETED_DEVICE_FAMILY = "1,2";
				TEST_HOST = "$(BUILT_PRODUCTS_DIR)/Contacts.app/Contacts";
			};
			name = Release;
		};
		4229D48E237923FA0048D7FD /* Debug */ = {
			isa = XCBuildConfiguration;
			buildSettings = {
				ALWAYS_EMBED_SWIFT_STANDARD_LIBRARIES = YES;
				CODE_SIGN_STYLE = Automatic;
				INFOPLIST_FILE = ContactsUITests/Info.plist;
				LD_RUNPATH_SEARCH_PATHS = (
					"$(inherited)",
					"@executable_path/Frameworks",
					"@loader_path/Frameworks",
				);
				PRODUCT_BUNDLE_IDENTIFIER = sergey.ContactsUITests;
				PRODUCT_NAME = "$(TARGET_NAME)";
				SWIFT_VERSION = 4.0;
				TARGETED_DEVICE_FAMILY = "1,2";
				TEST_TARGET_NAME = Contacts;
			};
			name = Debug;
		};
		4229D48F237923FA0048D7FD /* Release */ = {
			isa = XCBuildConfiguration;
			buildSettings = {
				ALWAYS_EMBED_SWIFT_STANDARD_LIBRARIES = YES;
				CODE_SIGN_STYLE = Automatic;
				INFOPLIST_FILE = ContactsUITests/Info.plist;
				LD_RUNPATH_SEARCH_PATHS = (
					"$(inherited)",
					"@executable_path/Frameworks",
					"@loader_path/Frameworks",
				);
				PRODUCT_BUNDLE_IDENTIFIER = sergey.ContactsUITests;
				PRODUCT_NAME = "$(TARGET_NAME)";
				SWIFT_VERSION = 4.0;
				TARGETED_DEVICE_FAMILY = "1,2";
				TEST_TARGET_NAME = Contacts;
			};
			name = Release;
		};
/* End XCBuildConfiguration section */

/* Begin XCConfigurationList section */
		4229D45A237923F70048D7FD /* Build configuration list for PBXProject "Contacts" */ = {
			isa = XCConfigurationList;
			buildConfigurations = (
				4229D485237923FA0048D7FD /* Debug */,
				4229D486237923FA0048D7FD /* Release */,
			);
			defaultConfigurationIsVisible = 0;
			defaultConfigurationName = Release;
		};
		4229D487237923FA0048D7FD /* Build configuration list for PBXNativeTarget "Contacts" */ = {
			isa = XCConfigurationList;
			buildConfigurations = (
				4229D488237923FA0048D7FD /* Debug */,
				4229D489237923FA0048D7FD /* Release */,
			);
			defaultConfigurationIsVisible = 0;
			defaultConfigurationName = Release;
		};
		4229D48A237923FA0048D7FD /* Build configuration list for PBXNativeTarget "ContactsTests" */ = {
			isa = XCConfigurationList;
			buildConfigurations = (
				4229D48B237923FA0048D7FD /* Debug */,
				4229D48C237923FA0048D7FD /* Release */,
			);
			defaultConfigurationIsVisible = 0;
			defaultConfigurationName = Release;
		};
		4229D48D237923FA0048D7FD /* Build configuration list for PBXNativeTarget "ContactsUITests" */ = {
			isa = XCConfigurationList;
			buildConfigurations = (
				4229D48E237923FA0048D7FD /* Debug */,
				4229D48F237923FA0048D7FD /* Release */,
			);
			defaultConfigurationIsVisible = 0;
			defaultConfigurationName = Release;
		};
/* End XCConfigurationList section */
	};
	rootObject = 4229D457237923F70048D7FD /* Project object */;
}
